// !$*UTF8*$!
{
	archiveVersion = 1;
	classes = {
	};
	objectVersion = 56;
	objects = {

/* Begin PBXBuildFile section */
		BB0C60982B1E4FE200359F7D /* previewWeatherData.json in Resources */ = {isa = PBXBuildFile; fileRef = BB0C60972B1E4FE200359F7D /* previewWeatherData.json */; };
		BB0C609A2B1E587200359F7D /* TempScale.swift in Sources */ = {isa = PBXBuildFile; fileRef = BB0C60992B1E587200359F7D /* TempScale.swift */; };
		BB0C609D2B1E743600359F7D /* WeatherThreeHourlyForecastListView.swift in Sources */ = {isa = PBXBuildFile; fileRef = BB0C609C2B1E743600359F7D /* WeatherThreeHourlyForecastListView.swift */; };
		BB0C609F2B1E743D00359F7D /* WeatherThreeHourlyForecastListViewCell.swift in Sources */ = {isa = PBXBuildFile; fileRef = BB0C609E2B1E743D00359F7D /* WeatherThreeHourlyForecastListViewCell.swift */; };
		BB0C60A12B1E796F00359F7D /* String.swift in Sources */ = {isa = PBXBuildFile; fileRef = BB0C60A02B1E796F00359F7D /* String.swift */; };
		BB0C60A32B1F634E00359F7D /* Date.swift in Sources */ = {isa = PBXBuildFile; fileRef = BB0C60A22B1F634E00359F7D /* Date.swift */; };
		BB0C60A52B1F639D00359F7D /* Weekdays.swift in Sources */ = {isa = PBXBuildFile; fileRef = BB0C60A42B1F639D00359F7D /* Weekdays.swift */; };
		BB0C60AA2B1F708700359F7D /* MainCoordinator.swift in Sources */ = {isa = PBXBuildFile; fileRef = BB0C60A92B1F708700359F7D /* MainCoordinator.swift */; };
		BB0C60C32B1FAD1900359F7D /* WeatherCoreData.xcdatamodeld in Sources */ = {isa = PBXBuildFile; fileRef = BB0C60C12B1FAD1900359F7D /* WeatherCoreData.xcdatamodeld */; };
		BB0C60C52B1FAE6900359F7D /* LocationsView.swift in Sources */ = {isa = PBXBuildFile; fileRef = BB0C60C42B1FAE6900359F7D /* LocationsView.swift */; };
		BB0C60C72B1FAEBF00359F7D /* WeatherForecastAddHeaderView.swift in Sources */ = {isa = PBXBuildFile; fileRef = BB0C60C62B1FAEBF00359F7D /* WeatherForecastAddHeaderView.swift */; };
		BB0C60C92B1FB6F000359F7D /* PersistenceController.swift in Sources */ = {isa = PBXBuildFile; fileRef = BB0C60C82B1FB6F000359F7D /* PersistenceController.swift */; };
		BB0C60CB2B1FB91B00359F7D /* ContentView.swift in Sources */ = {isa = PBXBuildFile; fileRef = BB0C60CA2B1FB91B00359F7D /* ContentView.swift */; };
		BB0C60CD2B1FBDD400359F7D /* LocationViewCell.swift in Sources */ = {isa = PBXBuildFile; fileRef = BB0C60CC2B1FBDD400359F7D /* LocationViewCell.swift */; };
		BB0C60CF2B1FE3F000359F7D /* AppStorageKeys.swift in Sources */ = {isa = PBXBuildFile; fileRef = BB0C60CE2B1FE3F000359F7D /* AppStorageKeys.swift */; };
		BB1A22DE2B1FF898000A723E /* LocationForecastViewModel.swift in Sources */ = {isa = PBXBuildFile; fileRef = BB1A22DD2B1FF898000A723E /* LocationForecastViewModel.swift */; };
		BB7EBC7C2B2799D900978174 /* Color.swift in Sources */ = {isa = PBXBuildFile; fileRef = BB7EBC7B2B2799D900978174 /* Color.swift */; };
		BB7EBC7E2B27A08700978174 /* WeatherCondition.swift in Sources */ = {isa = PBXBuildFile; fileRef = BB7EBC7D2B27A08700978174 /* WeatherCondition.swift */; };
		BB7EBC812B27ACFF00978174 /* Blur.swift in Sources */ = {isa = PBXBuildFile; fileRef = BB7EBC802B27ACFF00978174 /* Blur.swift */; };
		BB7EBC832B27ADC600978174 /* View.swift in Sources */ = {isa = PBXBuildFile; fileRef = BB7EBC822B27ADC600978174 /* View.swift */; };
		BB7EBC862B27B10100978174 /* StatusGridCellView.swift in Sources */ = {isa = PBXBuildFile; fileRef = BB7EBC852B27B10100978174 /* StatusGridCellView.swift */; };
		BB7EBC882B27B74200978174 /* WindStatusGridViewCell.swift in Sources */ = {isa = PBXBuildFile; fileRef = BB7EBC872B27B74200978174 /* WindStatusGridViewCell.swift */; };
		BB7EBC8A2B27DF7900978174 /* StatusGridViewCellContainer.swift in Sources */ = {isa = PBXBuildFile; fileRef = BB7EBC892B27DF7900978174 /* StatusGridViewCellContainer.swift */; };
		BB7EBC8C2B28977200978174 /* WeatherForecastOneCallResponse.swift in Sources */ = {isa = PBXBuildFile; fileRef = BB7EBC8B2B28977200978174 /* WeatherForecastOneCallResponse.swift */; };
		BB7EBC8E2B289CDA00978174 /* WeatherGeocode.swift in Sources */ = {isa = PBXBuildFile; fileRef = BB7EBC8D2B289CDA00978174 /* WeatherGeocode.swift */; };
		BB88625C2B1500F300EE56B1 /* WeatherForecastApp.swift in Sources */ = {isa = PBXBuildFile; fileRef = BB88625B2B1500F300EE56B1 /* WeatherForecastApp.swift */; };
		BB8862602B1500F400EE56B1 /* Assets.xcassets in Resources */ = {isa = PBXBuildFile; fileRef = BB88625F2B1500F400EE56B1 /* Assets.xcassets */; };
		BB8862632B1500F400EE56B1 /* Preview Assets.xcassets in Resources */ = {isa = PBXBuildFile; fileRef = BB8862622B1500F400EE56B1 /* Preview Assets.xcassets */; };
		BB88626E2B15011900EE56B1 /* NetworkManager.swift in Sources */ = {isa = PBXBuildFile; fileRef = BB88626D2B15011900EE56B1 /* NetworkManager.swift */; };
		BB8862702B1501D500EE56B1 /* Constants.swift in Sources */ = {isa = PBXBuildFile; fileRef = BB88626F2B1501D500EE56B1 /* Constants.swift */; };
		BB8862732B15029C00EE56B1 /* LocationManager.swift in Sources */ = {isa = PBXBuildFile; fileRef = BB8862722B15029C00EE56B1 /* LocationManager.swift */; };
		BB8862752B15179C00EE56B1 /* WeatherForecastResponse.swift in Sources */ = {isa = PBXBuildFile; fileRef = BB8862742B15179C00EE56B1 /* WeatherForecastResponse.swift */; };
		BB8862772B15243500EE56B1 /* WeatherForecastViewModel.swift in Sources */ = {isa = PBXBuildFile; fileRef = BB8862762B15243500EE56B1 /* WeatherForecastViewModel.swift */; };
		BB88627A2B1527D300EE56B1 /* NetworkError.swift in Sources */ = {isa = PBXBuildFile; fileRef = BB8862792B1527D300EE56B1 /* NetworkError.swift */; };
		BB88627C2B1541EA00EE56B1 /* WeatherForecastHeaderView.swift in Sources */ = {isa = PBXBuildFile; fileRef = BB88627B2B1541EA00EE56B1 /* WeatherForecastHeaderView.swift */; };
		BB88627E2B15424500EE56B1 /* PreviewManager.swift in Sources */ = {isa = PBXBuildFile; fileRef = BB88627D2B15424500EE56B1 /* PreviewManager.swift */; };
		BB8862802B16231E00EE56B1 /* LocationSearchViewModel.swift in Sources */ = {isa = PBXBuildFile; fileRef = BB88627F2B16231E00EE56B1 /* LocationSearchViewModel.swift */; };
		BB8862822B16251D00EE56B1 /* GooglePlaceType.swift in Sources */ = {isa = PBXBuildFile; fileRef = BB8862812B16251D00EE56B1 /* GooglePlaceType.swift */; };
		BB8862842B16280000EE56B1 /* GoogleAutoCompleteModel.swift in Sources */ = {isa = PBXBuildFile; fileRef = BB8862832B16280000EE56B1 /* GoogleAutoCompleteModel.swift */; };
		BB88628A2B163C1200EE56B1 /* LocationSearchResultListView.swift in Sources */ = {isa = PBXBuildFile; fileRef = BB8862892B163C1200EE56B1 /* LocationSearchResultListView.swift */; };
		BB88628C2B163C4E00EE56B1 /* LocationSearchResultListCellView.swift in Sources */ = {isa = PBXBuildFile; fileRef = BB88628B2B163C4E00EE56B1 /* LocationSearchResultListCellView.swift */; };
		BB88628E2B165D1500EE56B1 /* GooglePlaceDetailsResponse.swift in Sources */ = {isa = PBXBuildFile; fileRef = BB88628D2B165D1500EE56B1 /* GooglePlaceDetailsResponse.swift */; };
		BB8862922B16669200EE56B1 /* WeatherDailyForecastListView.swift in Sources */ = {isa = PBXBuildFile; fileRef = BB8862912B16669200EE56B1 /* WeatherDailyForecastListView.swift */; };
		BB8862942B16669C00EE56B1 /* WeatherDailyForecastListCellView.swift in Sources */ = {isa = PBXBuildFile; fileRef = BB8862932B16669C00EE56B1 /* WeatherDailyForecastListCellView.swift */; };
		BB8862982B16684D00EE56B1 /* Double.swift in Sources */ = {isa = PBXBuildFile; fileRef = BB8862972B16684D00EE56B1 /* Double.swift */; };
		BB88629A2B1668DB00EE56B1 /* PreviewDataManager.swift in Sources */ = {isa = PBXBuildFile; fileRef = BB8862992B1668DB00EE56B1 /* PreviewDataManager.swift */; };
		BB88629C2B166AA900EE56B1 /* WeatherForecastView.swift in Sources */ = {isa = PBXBuildFile; fileRef = BB88629B2B166AA900EE56B1 /* WeatherForecastView.swift */; };
		BB90641C2B21FF3300F16123 /* WeatherForecastCurrentResponse.swift in Sources */ = {isa = PBXBuildFile; fileRef = BB90641B2B21FF3300F16123 /* WeatherForecastCurrentResponse.swift */; };
		BB90641E2B22002800F16123 /* currentWeatherData.json in Resources */ = {isa = PBXBuildFile; fileRef = BB90641D2B22002800F16123 /* currentWeatherData.json */; };
		BB9064212B22038100F16123 /* CurrentWeatherForecastViewModel.swift in Sources */ = {isa = PBXBuildFile; fileRef = BB9064202B22038100F16123 /* CurrentWeatherForecastViewModel.swift */; };
		BB90642F2B221DE100F16123 /* LocationListView.swift in Sources */ = {isa = PBXBuildFile; fileRef = BB90642E2B221DE100F16123 /* LocationListView.swift */; };
		BB9064312B222A9600F16123 /* HighLowTemperatures.swift in Sources */ = {isa = PBXBuildFile; fileRef = BB9064302B222A9600F16123 /* HighLowTemperatures.swift */; };
		BB9064352B224A0100F16123 /* Int.swift in Sources */ = {isa = PBXBuildFile; fileRef = BB9064342B224A0100F16123 /* Int.swift */; };
		BB9064372B22579E00F16123 /* CityCoreDataManager.swift in Sources */ = {isa = PBXBuildFile; fileRef = BB9064362B22579E00F16123 /* CityCoreDataManager.swift */; };
		BB9064392B226AAD00F16123 /* LocationsViewModel.swift in Sources */ = {isa = PBXBuildFile; fileRef = BB9064382B226AAD00F16123 /* LocationsViewModel.swift */; };
		BB90643B2B226EBB00F16123 /* CoreDataError.swift in Sources */ = {isa = PBXBuildFile; fileRef = BB90643A2B226EBB00F16123 /* CoreDataError.swift */; };
		BB90644E2B2358F800F16123 /* UIApplication.swift in Sources */ = {isa = PBXBuildFile; fileRef = BB90644D2B2358F800F16123 /* UIApplication.swift */; };
		BB9064502B23688400F16123 /* ApiKeys.swift in Sources */ = {isa = PBXBuildFile; fileRef = BB90644F2B23688400F16123 /* ApiKeys.swift */; };
/* End PBXBuildFile section */

/* Begin PBXFileReference section */
		BB0C60972B1E4FE200359F7D /* previewWeatherData.json */ = {isa = PBXFileReference; lastKnownFileType = text.json; path = previewWeatherData.json; sourceTree = "<group>"; };
		BB0C60992B1E587200359F7D /* TempScale.swift */ = {isa = PBXFileReference; lastKnownFileType = sourcecode.swift; path = TempScale.swift; sourceTree = "<group>"; };
		BB0C609C2B1E743600359F7D /* WeatherThreeHourlyForecastListView.swift */ = {isa = PBXFileReference; lastKnownFileType = sourcecode.swift; path = WeatherThreeHourlyForecastListView.swift; sourceTree = "<group>"; };
		BB0C609E2B1E743D00359F7D /* WeatherThreeHourlyForecastListViewCell.swift */ = {isa = PBXFileReference; lastKnownFileType = sourcecode.swift; path = WeatherThreeHourlyForecastListViewCell.swift; sourceTree = "<group>"; };
		BB0C60A02B1E796F00359F7D /* String.swift */ = {isa = PBXFileReference; lastKnownFileType = sourcecode.swift; path = String.swift; sourceTree = "<group>"; };
		BB0C60A22B1F634E00359F7D /* Date.swift */ = {isa = PBXFileReference; lastKnownFileType = sourcecode.swift; path = Date.swift; sourceTree = "<group>"; };
		BB0C60A42B1F639D00359F7D /* Weekdays.swift */ = {isa = PBXFileReference; lastKnownFileType = sourcecode.swift; path = Weekdays.swift; sourceTree = "<group>"; };
		BB0C60A92B1F708700359F7D /* MainCoordinator.swift */ = {isa = PBXFileReference; lastKnownFileType = sourcecode.swift; path = MainCoordinator.swift; sourceTree = "<group>"; };
		BB0C60C22B1FAD1900359F7D /* WeatherCoreData.xcdatamodel */ = {isa = PBXFileReference; lastKnownFileType = wrapper.xcdatamodel; path = WeatherCoreData.xcdatamodel; sourceTree = "<group>"; };
		BB0C60C42B1FAE6900359F7D /* LocationsView.swift */ = {isa = PBXFileReference; lastKnownFileType = sourcecode.swift; path = LocationsView.swift; sourceTree = "<group>"; };
		BB0C60C62B1FAEBF00359F7D /* WeatherForecastAddHeaderView.swift */ = {isa = PBXFileReference; lastKnownFileType = sourcecode.swift; path = WeatherForecastAddHeaderView.swift; sourceTree = "<group>"; };
		BB0C60C82B1FB6F000359F7D /* PersistenceController.swift */ = {isa = PBXFileReference; lastKnownFileType = sourcecode.swift; path = PersistenceController.swift; sourceTree = "<group>"; };
		BB0C60CA2B1FB91B00359F7D /* ContentView.swift */ = {isa = PBXFileReference; lastKnownFileType = sourcecode.swift; path = ContentView.swift; sourceTree = "<group>"; };
		BB0C60CC2B1FBDD400359F7D /* LocationViewCell.swift */ = {isa = PBXFileReference; lastKnownFileType = sourcecode.swift; path = LocationViewCell.swift; sourceTree = "<group>"; };
		BB0C60CE2B1FE3F000359F7D /* AppStorageKeys.swift */ = {isa = PBXFileReference; lastKnownFileType = sourcecode.swift; path = AppStorageKeys.swift; sourceTree = "<group>"; };
		BB1A22DD2B1FF898000A723E /* LocationForecastViewModel.swift */ = {isa = PBXFileReference; lastKnownFileType = sourcecode.swift; path = LocationForecastViewModel.swift; sourceTree = "<group>"; };
		BB7EBC7B2B2799D900978174 /* Color.swift */ = {isa = PBXFileReference; lastKnownFileType = sourcecode.swift; path = Color.swift; sourceTree = "<group>"; };
		BB7EBC7D2B27A08700978174 /* WeatherCondition.swift */ = {isa = PBXFileReference; lastKnownFileType = sourcecode.swift; path = WeatherCondition.swift; sourceTree = "<group>"; };
		BB7EBC802B27ACFF00978174 /* Blur.swift */ = {isa = PBXFileReference; lastKnownFileType = sourcecode.swift; path = Blur.swift; sourceTree = "<group>"; };
		BB7EBC822B27ADC600978174 /* View.swift */ = {isa = PBXFileReference; lastKnownFileType = sourcecode.swift; path = View.swift; sourceTree = "<group>"; };
		BB7EBC852B27B10100978174 /* StatusGridCellView.swift */ = {isa = PBXFileReference; lastKnownFileType = sourcecode.swift; path = StatusGridCellView.swift; sourceTree = "<group>"; };
		BB7EBC872B27B74200978174 /* WindStatusGridViewCell.swift */ = {isa = PBXFileReference; lastKnownFileType = sourcecode.swift; path = WindStatusGridViewCell.swift; sourceTree = "<group>"; };
		BB7EBC892B27DF7900978174 /* StatusGridViewCellContainer.swift */ = {isa = PBXFileReference; lastKnownFileType = sourcecode.swift; path = StatusGridViewCellContainer.swift; sourceTree = "<group>"; };
		BB7EBC8B2B28977200978174 /* WeatherForecastOneCallResponse.swift */ = {isa = PBXFileReference; lastKnownFileType = sourcecode.swift; path = WeatherForecastOneCallResponse.swift; sourceTree = "<group>"; };
		BB7EBC8D2B289CDA00978174 /* WeatherGeocode.swift */ = {isa = PBXFileReference; lastKnownFileType = sourcecode.swift; path = WeatherGeocode.swift; sourceTree = "<group>"; };
		BB8862582B1500F300EE56B1 /* WeatherForecast.app */ = {isa = PBXFileReference; explicitFileType = wrapper.application; includeInIndex = 0; path = WeatherForecast.app; sourceTree = BUILT_PRODUCTS_DIR; };
		BB88625B2B1500F300EE56B1 /* WeatherForecastApp.swift */ = {isa = PBXFileReference; lastKnownFileType = sourcecode.swift; path = WeatherForecastApp.swift; sourceTree = "<group>"; };
		BB88625F2B1500F400EE56B1 /* Assets.xcassets */ = {isa = PBXFileReference; lastKnownFileType = folder.assetcatalog; path = Assets.xcassets; sourceTree = "<group>"; };
		BB8862622B1500F400EE56B1 /* Preview Assets.xcassets */ = {isa = PBXFileReference; lastKnownFileType = folder.assetcatalog; path = "Preview Assets.xcassets"; sourceTree = "<group>"; };
		BB88626D2B15011900EE56B1 /* NetworkManager.swift */ = {isa = PBXFileReference; lastKnownFileType = sourcecode.swift; path = NetworkManager.swift; sourceTree = "<group>"; };
		BB88626F2B1501D500EE56B1 /* Constants.swift */ = {isa = PBXFileReference; lastKnownFileType = sourcecode.swift; path = Constants.swift; sourceTree = "<group>"; };
		BB8862722B15029C00EE56B1 /* LocationManager.swift */ = {isa = PBXFileReference; lastKnownFileType = sourcecode.swift; path = LocationManager.swift; sourceTree = "<group>"; };
		BB8862742B15179C00EE56B1 /* WeatherForecastResponse.swift */ = {isa = PBXFileReference; lastKnownFileType = sourcecode.swift; path = WeatherForecastResponse.swift; sourceTree = "<group>"; };
		BB8862762B15243500EE56B1 /* WeatherForecastViewModel.swift */ = {isa = PBXFileReference; lastKnownFileType = sourcecode.swift; path = WeatherForecastViewModel.swift; sourceTree = "<group>"; };
		BB8862792B1527D300EE56B1 /* NetworkError.swift */ = {isa = PBXFileReference; lastKnownFileType = sourcecode.swift; path = NetworkError.swift; sourceTree = "<group>"; };
		BB88627B2B1541EA00EE56B1 /* WeatherForecastHeaderView.swift */ = {isa = PBXFileReference; lastKnownFileType = sourcecode.swift; path = WeatherForecastHeaderView.swift; sourceTree = "<group>"; };
		BB88627D2B15424500EE56B1 /* PreviewManager.swift */ = {isa = PBXFileReference; lastKnownFileType = sourcecode.swift; path = PreviewManager.swift; sourceTree = "<group>"; };
		BB88627F2B16231E00EE56B1 /* LocationSearchViewModel.swift */ = {isa = PBXFileReference; lastKnownFileType = sourcecode.swift; path = LocationSearchViewModel.swift; sourceTree = "<group>"; };
		BB8862812B16251D00EE56B1 /* GooglePlaceType.swift */ = {isa = PBXFileReference; lastKnownFileType = sourcecode.swift; path = GooglePlaceType.swift; sourceTree = "<group>"; };
		BB8862832B16280000EE56B1 /* GoogleAutoCompleteModel.swift */ = {isa = PBXFileReference; lastKnownFileType = sourcecode.swift; path = GoogleAutoCompleteModel.swift; sourceTree = "<group>"; };
		BB8862892B163C1200EE56B1 /* LocationSearchResultListView.swift */ = {isa = PBXFileReference; lastKnownFileType = sourcecode.swift; path = LocationSearchResultListView.swift; sourceTree = "<group>"; };
		BB88628B2B163C4E00EE56B1 /* LocationSearchResultListCellView.swift */ = {isa = PBXFileReference; lastKnownFileType = sourcecode.swift; path = LocationSearchResultListCellView.swift; sourceTree = "<group>"; };
		BB88628D2B165D1500EE56B1 /* GooglePlaceDetailsResponse.swift */ = {isa = PBXFileReference; lastKnownFileType = sourcecode.swift; path = GooglePlaceDetailsResponse.swift; sourceTree = "<group>"; };
		BB8862912B16669200EE56B1 /* WeatherDailyForecastListView.swift */ = {isa = PBXFileReference; lastKnownFileType = sourcecode.swift; path = WeatherDailyForecastListView.swift; sourceTree = "<group>"; };
		BB8862932B16669C00EE56B1 /* WeatherDailyForecastListCellView.swift */ = {isa = PBXFileReference; lastKnownFileType = sourcecode.swift; path = WeatherDailyForecastListCellView.swift; sourceTree = "<group>"; };
		BB8862972B16684D00EE56B1 /* Double.swift */ = {isa = PBXFileReference; lastKnownFileType = sourcecode.swift; path = Double.swift; sourceTree = "<group>"; };
		BB8862992B1668DB00EE56B1 /* PreviewDataManager.swift */ = {isa = PBXFileReference; lastKnownFileType = sourcecode.swift; path = PreviewDataManager.swift; sourceTree = "<group>"; };
		BB88629B2B166AA900EE56B1 /* WeatherForecastView.swift */ = {isa = PBXFileReference; lastKnownFileType = sourcecode.swift; path = WeatherForecastView.swift; sourceTree = "<group>"; };
		BB90641B2B21FF3300F16123 /* WeatherForecastCurrentResponse.swift */ = {isa = PBXFileReference; lastKnownFileType = sourcecode.swift; path = WeatherForecastCurrentResponse.swift; sourceTree = "<group>"; };
		BB90641D2B22002800F16123 /* currentWeatherData.json */ = {isa = PBXFileReference; lastKnownFileType = text.json; path = currentWeatherData.json; sourceTree = "<group>"; };
		BB9064202B22038100F16123 /* CurrentWeatherForecastViewModel.swift */ = {isa = PBXFileReference; lastKnownFileType = sourcecode.swift; path = CurrentWeatherForecastViewModel.swift; sourceTree = "<group>"; };
		BB90642E2B221DE100F16123 /* LocationListView.swift */ = {isa = PBXFileReference; lastKnownFileType = sourcecode.swift; path = LocationListView.swift; sourceTree = "<group>"; };
		BB9064302B222A9600F16123 /* HighLowTemperatures.swift */ = {isa = PBXFileReference; lastKnownFileType = sourcecode.swift; path = HighLowTemperatures.swift; sourceTree = "<group>"; };
		BB9064342B224A0100F16123 /* Int.swift */ = {isa = PBXFileReference; lastKnownFileType = sourcecode.swift; path = Int.swift; sourceTree = "<group>"; };
		BB9064362B22579E00F16123 /* CityCoreDataManager.swift */ = {isa = PBXFileReference; lastKnownFileType = sourcecode.swift; path = CityCoreDataManager.swift; sourceTree = "<group>"; };
		BB9064382B226AAD00F16123 /* LocationsViewModel.swift */ = {isa = PBXFileReference; lastKnownFileType = sourcecode.swift; path = LocationsViewModel.swift; sourceTree = "<group>"; };
		BB90643A2B226EBB00F16123 /* CoreDataError.swift */ = {isa = PBXFileReference; lastKnownFileType = sourcecode.swift; path = CoreDataError.swift; sourceTree = "<group>"; };
		BB90644D2B2358F800F16123 /* UIApplication.swift */ = {isa = PBXFileReference; lastKnownFileType = sourcecode.swift; path = UIApplication.swift; sourceTree = "<group>"; };
		BB90644F2B23688400F16123 /* ApiKeys.swift */ = {isa = PBXFileReference; lastKnownFileType = sourcecode.swift; path = ApiKeys.swift; sourceTree = "<group>"; };
/* End PBXFileReference section */

/* Begin PBXFrameworksBuildPhase section */
		BB8862552B1500F300EE56B1 /* Frameworks */ = {
			isa = PBXFrameworksBuildPhase;
			buildActionMask = 2147483647;
			files = (
			);
			runOnlyForDeploymentPostprocessing = 0;
		};
/* End PBXFrameworksBuildPhase section */

/* Begin PBXGroup section */
		BB0C609B2B1E741500359F7D /* WeatherThreeHourlyForecastListView */ = {
			isa = PBXGroup;
			children = (
				BB0C609C2B1E743600359F7D /* WeatherThreeHourlyForecastListView.swift */,
				BB0C609E2B1E743D00359F7D /* WeatherThreeHourlyForecastListViewCell.swift */,
			);
			path = WeatherThreeHourlyForecastListView;
			sourceTree = "<group>";
		};
		BB0C60A82B1F6A6400359F7D /* Coordinator */ = {
			isa = PBXGroup;
			children = (
				BB0C60A92B1F708700359F7D /* MainCoordinator.swift */,
			);
			path = Coordinator;
			sourceTree = "<group>";
		};
		BB0C60BD2B1FAC6900359F7D /* LocationsView */ = {
			isa = PBXGroup;
			children = (
				BB90642E2B221DE100F16123 /* LocationListView.swift */,
				BB0C60C42B1FAE6900359F7D /* LocationsView.swift */,
				BB0C60CC2B1FBDD400359F7D /* LocationViewCell.swift */,
			);
			path = LocationsView;
			sourceTree = "<group>";
		};
		BB0C60C02B1FAD0000359F7D /* CoreData */ = {
			isa = PBXGroup;
			children = (
				BB0C60C12B1FAD1900359F7D /* WeatherCoreData.xcdatamodeld */,
				BB0C60C82B1FB6F000359F7D /* PersistenceController.swift */,
			);
			path = CoreData;
			sourceTree = "<group>";
		};
		BB7EBC7F2B27ACF000978174 /* Components */ = {
			isa = PBXGroup;
			children = (
				BB7EBC802B27ACFF00978174 /* Blur.swift */,
			);
			path = Components;
			sourceTree = "<group>";
		};
		BB7EBC842B27B0EE00978174 /* StatusGridView */ = {
			isa = PBXGroup;
			children = (
				BB7EBC852B27B10100978174 /* StatusGridCellView.swift */,
				BB7EBC892B27DF7900978174 /* StatusGridViewCellContainer.swift */,
				BB7EBC872B27B74200978174 /* WindStatusGridViewCell.swift */,
			);
			path = StatusGridView;
			sourceTree = "<group>";
		};
		BB88624F2B1500F300EE56B1 = {
			isa = PBXGroup;
			children = (
				BB88625A2B1500F300EE56B1 /* WeatherForecast */,
				BB8862592B1500F300EE56B1 /* Products */,
			);
			sourceTree = "<group>";
		};
		BB8862592B1500F300EE56B1 /* Products */ = {
			isa = PBXGroup;
			children = (
				BB8862582B1500F300EE56B1 /* WeatherForecast.app */,
			);
			name = Products;
			sourceTree = "<group>";
		};
		BB88625A2B1500F300EE56B1 /* WeatherForecast */ = {
			isa = PBXGroup;
			children = (
				BB0C60CA2B1FB91B00359F7D /* ContentView.swift */,
				BB88625B2B1500F300EE56B1 /* WeatherForecastApp.swift */,
				BB88625F2B1500F400EE56B1 /* Assets.xcassets */,
				BB7EBC7F2B27ACF000978174 /* Components */,
				BB0C60A82B1F6A6400359F7D /* Coordinator */,
				BB0C60C02B1FAD0000359F7D /* CoreData */,
				BB8862782B1527C600EE56B1 /* Enums */,
				BB8862962B16684300EE56B1 /* Extensions */,
				BB88626A2B15010400EE56B1 /* Models */,
				BB8862612B1500F400EE56B1 /* Preview Content */,
				BB8862692B1500FA00EE56B1 /* Utilities */,
				BB88626C2B15010A00EE56B1 /* ViewModels */,
				BB88626B2B15010700EE56B1 /* Views */,
			);
			path = WeatherForecast;
			sourceTree = "<group>";
		};
		BB8862612B1500F400EE56B1 /* Preview Content */ = {
			isa = PBXGroup;
			children = (
				BB8862622B1500F400EE56B1 /* Preview Assets.xcassets */,
				BB8862992B1668DB00EE56B1 /* PreviewDataManager.swift */,
				BB0C60972B1E4FE200359F7D /* previewWeatherData.json */,
				BB90641D2B22002800F16123 /* currentWeatherData.json */,
			);
			path = "Preview Content";
			sourceTree = "<group>";
		};
		BB8862692B1500FA00EE56B1 /* Utilities */ = {
			isa = PBXGroup;
			children = (
				BB90644F2B23688400F16123 /* ApiKeys.swift */,
				BB0C60CE2B1FE3F000359F7D /* AppStorageKeys.swift */,
				BB9064362B22579E00F16123 /* CityCoreDataManager.swift */,
				BB88626F2B1501D500EE56B1 /* Constants.swift */,
				BB8862722B15029C00EE56B1 /* LocationManager.swift */,
				BB88626D2B15011900EE56B1 /* NetworkManager.swift */,
				BB88627D2B15424500EE56B1 /* PreviewManager.swift */,
			);
			path = Utilities;
			sourceTree = "<group>";
		};
		BB88626A2B15010400EE56B1 /* Models */ = {
			isa = PBXGroup;
			children = (
				BB8862832B16280000EE56B1 /* GoogleAutoCompleteModel.swift */,
				BB88628D2B165D1500EE56B1 /* GooglePlaceDetailsResponse.swift */,
				BB8862742B15179C00EE56B1 /* WeatherForecastResponse.swift */,
				BB90641B2B21FF3300F16123 /* WeatherForecastCurrentResponse.swift */,
				BB7EBC8B2B28977200978174 /* WeatherForecastOneCallResponse.swift */,
				BB7EBC8D2B289CDA00978174 /* WeatherGeocode.swift */,
			);
			path = Models;
			sourceTree = "<group>";
		};
		BB88626B2B15010700EE56B1 /* Views */ = {
			isa = PBXGroup;
			children = (
				BB0C60BD2B1FAC6900359F7D /* LocationsView */,
				BB8862882B16301C00EE56B1 /* WeatherForecasetView */,
				BB8862872B16301200EE56B1 /* LocationSearchView */,
			);
			path = Views;
			sourceTree = "<group>";
		};
		BB88626C2B15010A00EE56B1 /* ViewModels */ = {
			isa = PBXGroup;
			children = (
				BB9064202B22038100F16123 /* CurrentWeatherForecastViewModel.swift */,
				BB1A22DD2B1FF898000A723E /* LocationForecastViewModel.swift */,
				BB88627F2B16231E00EE56B1 /* LocationSearchViewModel.swift */,
				BB9064382B226AAD00F16123 /* LocationsViewModel.swift */,
				BB8862762B15243500EE56B1 /* WeatherForecastViewModel.swift */,
			);
			path = ViewModels;
			sourceTree = "<group>";
		};
		BB8862782B1527C600EE56B1 /* Enums */ = {
			isa = PBXGroup;
			children = (
				BB8862812B16251D00EE56B1 /* GooglePlaceType.swift */,
				BB8862792B1527D300EE56B1 /* NetworkError.swift */,
				BB0C60992B1E587200359F7D /* TempScale.swift */,
				BB0C60A42B1F639D00359F7D /* Weekdays.swift */,
				BB90643A2B226EBB00F16123 /* CoreDataError.swift */,
				BB7EBC7D2B27A08700978174 /* WeatherCondition.swift */,
			);
			path = Enums;
			sourceTree = "<group>";
		};
		BB8862872B16301200EE56B1 /* LocationSearchView */ = {
			isa = PBXGroup;
			children = (
				BB8862892B163C1200EE56B1 /* LocationSearchResultListView.swift */,
				BB88628B2B163C4E00EE56B1 /* LocationSearchResultListCellView.swift */,
			);
			path = LocationSearchView;
			sourceTree = "<group>";
		};
		BB8862882B16301C00EE56B1 /* WeatherForecasetView */ = {
			isa = PBXGroup;
			children = (
				BB7EBC842B27B0EE00978174 /* StatusGridView */,
				BB9064302B222A9600F16123 /* HighLowTemperatures.swift */,
				BB88627B2B1541EA00EE56B1 /* WeatherForecastHeaderView.swift */,
				BB0C60C62B1FAEBF00359F7D /* WeatherForecastAddHeaderView.swift */,
				BB88629B2B166AA900EE56B1 /* WeatherForecastView.swift */,
				BB8862952B16669E00EE56B1 /* WeatherDailyForecastListView */,
				BB0C609B2B1E741500359F7D /* WeatherThreeHourlyForecastListView */,
			);
			path = WeatherForecasetView;
			sourceTree = "<group>";
		};
		BB8862952B16669E00EE56B1 /* WeatherDailyForecastListView */ = {
			isa = PBXGroup;
			children = (
				BB8862932B16669C00EE56B1 /* WeatherDailyForecastListCellView.swift */,
				BB8862912B16669200EE56B1 /* WeatherDailyForecastListView.swift */,
			);
			path = WeatherDailyForecastListView;
			sourceTree = "<group>";
		};
		BB8862962B16684300EE56B1 /* Extensions */ = {
			isa = PBXGroup;
			children = (
				BB7EBC7B2B2799D900978174 /* Color.swift */,
				BB0C60A22B1F634E00359F7D /* Date.swift */,
				BB8862972B16684D00EE56B1 /* Double.swift */,
				BB9064342B224A0100F16123 /* Int.swift */,
				BB0C60A02B1E796F00359F7D /* String.swift */,
				BB90644D2B2358F800F16123 /* UIApplication.swift */,
				BB7EBC822B27ADC600978174 /* View.swift */,
			);
			path = Extensions;
			sourceTree = "<group>";
		};
/* End PBXGroup section */

/* Begin PBXNativeTarget section */
		BB8862572B1500F300EE56B1 /* WeatherForecast */ = {
			isa = PBXNativeTarget;
			buildConfigurationList = BB8862662B1500F400EE56B1 /* Build configuration list for PBXNativeTarget "WeatherForecast" */;
			buildPhases = (
				BB8862542B1500F300EE56B1 /* Sources */,
				BB8862552B1500F300EE56B1 /* Frameworks */,
				BB8862562B1500F300EE56B1 /* Resources */,
			);
			buildRules = (
			);
			dependencies = (
			);
			name = WeatherForecast;
			productName = WeatherForecast;
			productReference = BB8862582B1500F300EE56B1 /* WeatherForecast.app */;
			productType = "com.apple.product-type.application";
		};
/* End PBXNativeTarget section */

/* Begin PBXProject section */
		BB8862502B1500F300EE56B1 /* Project object */ = {
			isa = PBXProject;
			attributes = {
				BuildIndependentTargetsInParallel = 1;
				LastSwiftUpdateCheck = 1500;
				LastUpgradeCheck = 1500;
				TargetAttributes = {
					BB8862572B1500F300EE56B1 = {
						CreatedOnToolsVersion = 15.0.1;
					};
				};
			};
			buildConfigurationList = BB8862532B1500F300EE56B1 /* Build configuration list for PBXProject "WeatherForecast" */;
			compatibilityVersion = "Xcode 14.0";
			developmentRegion = en;
			hasScannedForEncodings = 0;
			knownRegions = (
				en,
				Base,
			);
			mainGroup = BB88624F2B1500F300EE56B1;
			productRefGroup = BB8862592B1500F300EE56B1 /* Products */;
			projectDirPath = "";
			projectRoot = "";
			targets = (
				BB8862572B1500F300EE56B1 /* WeatherForecast */,
			);
		};
/* End PBXProject section */

/* Begin PBXResourcesBuildPhase section */
		BB8862562B1500F300EE56B1 /* Resources */ = {
			isa = PBXResourcesBuildPhase;
			buildActionMask = 2147483647;
			files = (
				BB90641E2B22002800F16123 /* currentWeatherData.json in Resources */,
				BB8862632B1500F400EE56B1 /* Preview Assets.xcassets in Resources */,
				BB0C60982B1E4FE200359F7D /* previewWeatherData.json in Resources */,
				BB8862602B1500F400EE56B1 /* Assets.xcassets in Resources */,
			);
			runOnlyForDeploymentPostprocessing = 0;
		};
/* End PBXResourcesBuildPhase section */

/* Begin PBXSourcesBuildPhase section */
		BB8862542B1500F300EE56B1 /* Sources */ = {
			isa = PBXSourcesBuildPhase;
			buildActionMask = 2147483647;
			files = (
				BB0C60C72B1FAEBF00359F7D /* WeatherForecastAddHeaderView.swift in Sources */,
				BB88629C2B166AA900EE56B1 /* WeatherForecastView.swift in Sources */,
				BB8862822B16251D00EE56B1 /* GooglePlaceType.swift in Sources */,
				BB88627E2B15424500EE56B1 /* PreviewManager.swift in Sources */,
				BB0C609A2B1E587200359F7D /* TempScale.swift in Sources */,
				BB0C609D2B1E743600359F7D /* WeatherThreeHourlyForecastListView.swift in Sources */,
				BB8862982B16684D00EE56B1 /* Double.swift in Sources */,
				BB88626E2B15011900EE56B1 /* NetworkManager.swift in Sources */,
				BB7EBC8A2B27DF7900978174 /* StatusGridViewCellContainer.swift in Sources */,
				BB8862842B16280000EE56B1 /* GoogleAutoCompleteModel.swift in Sources */,
				BB7EBC7E2B27A08700978174 /* WeatherCondition.swift in Sources */,
				BB88627A2B1527D300EE56B1 /* NetworkError.swift in Sources */,
				BB9064372B22579E00F16123 /* CityCoreDataManager.swift in Sources */,
				BB7EBC832B27ADC600978174 /* View.swift in Sources */,
				BB8862942B16669C00EE56B1 /* WeatherDailyForecastListCellView.swift in Sources */,
				BB0C60C32B1FAD1900359F7D /* WeatherCoreData.xcdatamodeld in Sources */,
				BB90641C2B21FF3300F16123 /* WeatherForecastCurrentResponse.swift in Sources */,
				BB9064312B222A9600F16123 /* HighLowTemperatures.swift in Sources */,
				BB0C609F2B1E743D00359F7D /* WeatherThreeHourlyForecastListViewCell.swift in Sources */,
				BB90643B2B226EBB00F16123 /* CoreDataError.swift in Sources */,
				BB0C60A32B1F634E00359F7D /* Date.swift in Sources */,
				BB0C60AA2B1F708700359F7D /* MainCoordinator.swift in Sources */,
				BB0C60C92B1FB6F000359F7D /* PersistenceController.swift in Sources */,
				BB88628C2B163C4E00EE56B1 /* LocationSearchResultListCellView.swift in Sources */,
				BB8862732B15029C00EE56B1 /* LocationManager.swift in Sources */,
				BB90642F2B221DE100F16123 /* LocationListView.swift in Sources */,
				BB0C60A52B1F639D00359F7D /* Weekdays.swift in Sources */,
				BB0C60A12B1E796F00359F7D /* String.swift in Sources */,
				BB7EBC7C2B2799D900978174 /* Color.swift in Sources */,
				BB88628E2B165D1500EE56B1 /* GooglePlaceDetailsResponse.swift in Sources */,
				BB0C60C52B1FAE6900359F7D /* LocationsView.swift in Sources */,
				BB0C60CB2B1FB91B00359F7D /* ContentView.swift in Sources */,
				BB8862802B16231E00EE56B1 /* LocationSearchViewModel.swift in Sources */,
				BB9064502B23688400F16123 /* ApiKeys.swift in Sources */,
				BB0C60CD2B1FBDD400359F7D /* LocationViewCell.swift in Sources */,
				BB7EBC882B27B74200978174 /* WindStatusGridViewCell.swift in Sources */,
				BB88625C2B1500F300EE56B1 /* WeatherForecastApp.swift in Sources */,
				BB9064352B224A0100F16123 /* Int.swift in Sources */,
				BB7EBC8E2B289CDA00978174 /* WeatherGeocode.swift in Sources */,
				BB9064392B226AAD00F16123 /* LocationsViewModel.swift in Sources */,
				BB7EBC8C2B28977200978174 /* WeatherForecastOneCallResponse.swift in Sources */,
				BB8862922B16669200EE56B1 /* WeatherDailyForecastListView.swift in Sources */,
				BB0C60CF2B1FE3F000359F7D /* AppStorageKeys.swift in Sources */,
				BB88629A2B1668DB00EE56B1 /* PreviewDataManager.swift in Sources */,
				BB90644E2B2358F800F16123 /* UIApplication.swift in Sources */,
				BB88627C2B1541EA00EE56B1 /* WeatherForecastHeaderView.swift in Sources */,
				BB7EBC862B27B10100978174 /* StatusGridCellView.swift in Sources */,
				BB1A22DE2B1FF898000A723E /* LocationForecastViewModel.swift in Sources */,
				BB7EBC812B27ACFF00978174 /* Blur.swift in Sources */,
				BB9064212B22038100F16123 /* CurrentWeatherForecastViewModel.swift in Sources */,
				BB8862752B15179C00EE56B1 /* WeatherForecastResponse.swift in Sources */,
				BB8862772B15243500EE56B1 /* WeatherForecastViewModel.swift in Sources */,
				BB8862702B1501D500EE56B1 /* Constants.swift in Sources */,
				BB88628A2B163C1200EE56B1 /* LocationSearchResultListView.swift in Sources */,
			);
			runOnlyForDeploymentPostprocessing = 0;
		};
/* End PBXSourcesBuildPhase section */

/* Begin XCBuildConfiguration section */
		BB8862642B1500F400EE56B1 /* Debug */ = {
			isa = XCBuildConfiguration;
			buildSettings = {
				ALWAYS_SEARCH_USER_PATHS = NO;
				ASSETCATALOG_COMPILER_GENERATE_SWIFT_ASSET_SYMBOL_EXTENSIONS = YES;
				CLANG_ANALYZER_NONNULL = YES;
				CLANG_ANALYZER_NUMBER_OBJECT_CONVERSION = YES_AGGRESSIVE;
				CLANG_CXX_LANGUAGE_STANDARD = "gnu++20";
				CLANG_ENABLE_MODULES = YES;
				CLANG_ENABLE_OBJC_ARC = YES;
				CLANG_ENABLE_OBJC_WEAK = YES;
				CLANG_WARN_BLOCK_CAPTURE_AUTORELEASING = YES;
				CLANG_WARN_BOOL_CONVERSION = YES;
				CLANG_WARN_COMMA = YES;
				CLANG_WARN_CONSTANT_CONVERSION = YES;
				CLANG_WARN_DEPRECATED_OBJC_IMPLEMENTATIONS = YES;
				CLANG_WARN_DIRECT_OBJC_ISA_USAGE = YES_ERROR;
				CLANG_WARN_DOCUMENTATION_COMMENTS = YES;
				CLANG_WARN_EMPTY_BODY = YES;
				CLANG_WARN_ENUM_CONVERSION = YES;
				CLANG_WARN_INFINITE_RECURSION = YES;
				CLANG_WARN_INT_CONVERSION = YES;
				CLANG_WARN_NON_LITERAL_NULL_CONVERSION = YES;
				CLANG_WARN_OBJC_IMPLICIT_RETAIN_SELF = YES;
				CLANG_WARN_OBJC_LITERAL_CONVERSION = YES;
				CLANG_WARN_OBJC_ROOT_CLASS = YES_ERROR;
				CLANG_WARN_QUOTED_INCLUDE_IN_FRAMEWORK_HEADER = YES;
				CLANG_WARN_RANGE_LOOP_ANALYSIS = YES;
				CLANG_WARN_STRICT_PROTOTYPES = YES;
				CLANG_WARN_SUSPICIOUS_MOVE = YES;
				CLANG_WARN_UNGUARDED_AVAILABILITY = YES_AGGRESSIVE;
				CLANG_WARN_UNREACHABLE_CODE = YES;
				CLANG_WARN__DUPLICATE_METHOD_MATCH = YES;
				COPY_PHASE_STRIP = NO;
				DEBUG_INFORMATION_FORMAT = dwarf;
				ENABLE_STRICT_OBJC_MSGSEND = YES;
				ENABLE_TESTABILITY = YES;
				ENABLE_USER_SCRIPT_SANDBOXING = YES;
				GCC_C_LANGUAGE_STANDARD = gnu17;
				GCC_DYNAMIC_NO_PIC = NO;
				GCC_NO_COMMON_BLOCKS = YES;
				GCC_OPTIMIZATION_LEVEL = 0;
				GCC_PREPROCESSOR_DEFINITIONS = (
					"DEBUG=1",
					"$(inherited)",
				);
				GCC_WARN_64_TO_32_BIT_CONVERSION = YES;
				GCC_WARN_ABOUT_RETURN_TYPE = YES_ERROR;
				GCC_WARN_UNDECLARED_SELECTOR = YES;
				GCC_WARN_UNINITIALIZED_AUTOS = YES_AGGRESSIVE;
				GCC_WARN_UNUSED_FUNCTION = YES;
				GCC_WARN_UNUSED_VARIABLE = YES;
				IPHONEOS_DEPLOYMENT_TARGET = 17.0;
				LOCALIZATION_PREFERS_STRING_CATALOGS = YES;
				MTL_ENABLE_DEBUG_INFO = INCLUDE_SOURCE;
				MTL_FAST_MATH = YES;
				ONLY_ACTIVE_ARCH = YES;
				SDKROOT = iphoneos;
				SWIFT_ACTIVE_COMPILATION_CONDITIONS = "DEBUG $(inherited)";
				SWIFT_OPTIMIZATION_LEVEL = "-Onone";
			};
			name = Debug;
		};
		BB8862652B1500F400EE56B1 /* Release */ = {
			isa = XCBuildConfiguration;
			buildSettings = {
				ALWAYS_SEARCH_USER_PATHS = NO;
				ASSETCATALOG_COMPILER_GENERATE_SWIFT_ASSET_SYMBOL_EXTENSIONS = YES;
				CLANG_ANALYZER_NONNULL = YES;
				CLANG_ANALYZER_NUMBER_OBJECT_CONVERSION = YES_AGGRESSIVE;
				CLANG_CXX_LANGUAGE_STANDARD = "gnu++20";
				CLANG_ENABLE_MODULES = YES;
				CLANG_ENABLE_OBJC_ARC = YES;
				CLANG_ENABLE_OBJC_WEAK = YES;
				CLANG_WARN_BLOCK_CAPTURE_AUTORELEASING = YES;
				CLANG_WARN_BOOL_CONVERSION = YES;
				CLANG_WARN_COMMA = YES;
				CLANG_WARN_CONSTANT_CONVERSION = YES;
				CLANG_WARN_DEPRECATED_OBJC_IMPLEMENTATIONS = YES;
				CLANG_WARN_DIRECT_OBJC_ISA_USAGE = YES_ERROR;
				CLANG_WARN_DOCUMENTATION_COMMENTS = YES;
				CLANG_WARN_EMPTY_BODY = YES;
				CLANG_WARN_ENUM_CONVERSION = YES;
				CLANG_WARN_INFINITE_RECURSION = YES;
				CLANG_WARN_INT_CONVERSION = YES;
				CLANG_WARN_NON_LITERAL_NULL_CONVERSION = YES;
				CLANG_WARN_OBJC_IMPLICIT_RETAIN_SELF = YES;
				CLANG_WARN_OBJC_LITERAL_CONVERSION = YES;
				CLANG_WARN_OBJC_ROOT_CLASS = YES_ERROR;
				CLANG_WARN_QUOTED_INCLUDE_IN_FRAMEWORK_HEADER = YES;
				CLANG_WARN_RANGE_LOOP_ANALYSIS = YES;
				CLANG_WARN_STRICT_PROTOTYPES = YES;
				CLANG_WARN_SUSPICIOUS_MOVE = YES;
				CLANG_WARN_UNGUARDED_AVAILABILITY = YES_AGGRESSIVE;
				CLANG_WARN_UNREACHABLE_CODE = YES;
				CLANG_WARN__DUPLICATE_METHOD_MATCH = YES;
				COPY_PHASE_STRIP = NO;
				DEBUG_INFORMATION_FORMAT = "dwarf-with-dsym";
				ENABLE_NS_ASSERTIONS = NO;
				ENABLE_STRICT_OBJC_MSGSEND = YES;
				ENABLE_USER_SCRIPT_SANDBOXING = YES;
				GCC_C_LANGUAGE_STANDARD = gnu17;
				GCC_NO_COMMON_BLOCKS = YES;
				GCC_WARN_64_TO_32_BIT_CONVERSION = YES;
				GCC_WARN_ABOUT_RETURN_TYPE = YES_ERROR;
				GCC_WARN_UNDECLARED_SELECTOR = YES;
				GCC_WARN_UNINITIALIZED_AUTOS = YES_AGGRESSIVE;
				GCC_WARN_UNUSED_FUNCTION = YES;
				GCC_WARN_UNUSED_VARIABLE = YES;
				IPHONEOS_DEPLOYMENT_TARGET = 17.0;
				LOCALIZATION_PREFERS_STRING_CATALOGS = YES;
				MTL_ENABLE_DEBUG_INFO = NO;
				MTL_FAST_MATH = YES;
				SDKROOT = iphoneos;
				SWIFT_COMPILATION_MODE = wholemodule;
				VALIDATE_PRODUCT = YES;
			};
			name = Release;
		};
		BB8862672B1500F400EE56B1 /* Debug */ = {
			isa = XCBuildConfiguration;
			buildSettings = {
				ASSETCATALOG_COMPILER_APPICON_NAME = AppIcon;
				ASSETCATALOG_COMPILER_GLOBAL_ACCENT_COLOR_NAME = AccentColor;
				CODE_SIGN_STYLE = Automatic;
				CURRENT_PROJECT_VERSION = 1;
				DEVELOPMENT_ASSET_PATHS = "\"WeatherForecast/Preview Content\"";
				DEVELOPMENT_TEAM = FVEGF5DQ7U;
				ENABLE_PREVIEWS = YES;
				GENERATE_INFOPLIST_FILE = YES;
				INFOPLIST_KEY_NSLocationWhenInUseUsageDescription = "Please allow the location usage for the application features.";
				INFOPLIST_KEY_UIApplicationSceneManifest_Generation = YES;
				INFOPLIST_KEY_UIApplicationSupportsIndirectInputEvents = YES;
				INFOPLIST_KEY_UILaunchScreen_Generation = YES;
				INFOPLIST_KEY_UIStatusBarStyle = UIStatusBarStyleDarkContent;
				INFOPLIST_KEY_UISupportedInterfaceOrientations = UIInterfaceOrientationPortrait;
				INFOPLIST_KEY_UISupportedInterfaceOrientations_iPad = "UIInterfaceOrientationLandscapeLeft UIInterfaceOrientationLandscapeRight UIInterfaceOrientationPortrait UIInterfaceOrientationPortraitUpsideDown";
				LD_RUNPATH_SEARCH_PATHS = (
					"$(inherited)",
					"@executable_path/Frameworks",
				);
				MARKETING_VERSION = 1.0;
				PRODUCT_BUNDLE_IDENTIFIER = sugurutokuda.WeatherForecast;
				PRODUCT_NAME = "$(TARGET_NAME)";
				SWIFT_EMIT_LOC_STRINGS = YES;
				SWIFT_VERSION = 5.0;
				TARGETED_DEVICE_FAMILY = "1,2";
			};
			name = Debug;
		};
		BB8862682B1500F400EE56B1 /* Release */ = {
			isa = XCBuildConfiguration;
			buildSettings = {
				ASSETCATALOG_COMPILER_APPICON_NAME = AppIcon;
				ASSETCATALOG_COMPILER_GLOBAL_ACCENT_COLOR_NAME = AccentColor;
				CODE_SIGN_STYLE = Automatic;
				CURRENT_PROJECT_VERSION = 1;
				DEVELOPMENT_ASSET_PATHS = "\"WeatherForecast/Preview Content\"";
				DEVELOPMENT_TEAM = FVEGF5DQ7U;
				ENABLE_PREVIEWS = YES;
				GENERATE_INFOPLIST_FILE = YES;
				INFOPLIST_KEY_NSLocationWhenInUseUsageDescription = "Please allow the location usage for the application features.";
				INFOPLIST_KEY_UIApplicationSceneManifest_Generation = YES;
				INFOPLIST_KEY_UIApplicationSupportsIndirectInputEvents = YES;
				INFOPLIST_KEY_UILaunchScreen_Generation = YES;
				INFOPLIST_KEY_UIStatusBarStyle = UIStatusBarStyleDarkContent;
				INFOPLIST_KEY_UISupportedInterfaceOrientations = UIInterfaceOrientationPortrait;
				INFOPLIST_KEY_UISupportedInterfaceOrientations_iPad = "UIInterfaceOrientationLandscapeLeft UIInterfaceOrientationLandscapeRight UIInterfaceOrientationPortrait UIInterfaceOrientationPortraitUpsideDown";
				LD_RUNPATH_SEARCH_PATHS = (
					"$(inherited)",
					"@executable_path/Frameworks",
				);
				MARKETING_VERSION = 1.0;
				PRODUCT_BUNDLE_IDENTIFIER = sugurutokuda.WeatherForecast;
				PRODUCT_NAME = "$(TARGET_NAME)";
				SWIFT_EMIT_LOC_STRINGS = YES;
				SWIFT_VERSION = 5.0;
				TARGETED_DEVICE_FAMILY = "1,2";
			};
			name = Release;
		};
/* End XCBuildConfiguration section */

/* Begin XCConfigurationList section */
		BB8862532B1500F300EE56B1 /* Build configuration list for PBXProject "WeatherForecast" */ = {
			isa = XCConfigurationList;
			buildConfigurations = (
				BB8862642B1500F400EE56B1 /* Debug */,
				BB8862652B1500F400EE56B1 /* Release */,
			);
			defaultConfigurationIsVisible = 0;
			defaultConfigurationName = Release;
		};
		BB8862662B1500F400EE56B1 /* Build configuration list for PBXNativeTarget "WeatherForecast" */ = {
			isa = XCConfigurationList;
			buildConfigurations = (
				BB8862672B1500F400EE56B1 /* Debug */,
				BB8862682B1500F400EE56B1 /* Release */,
			);
			defaultConfigurationIsVisible = 0;
			defaultConfigurationName = Release;
		};
/* End XCConfigurationList section */

/* Begin XCVersionGroup section */
		BB0C60C12B1FAD1900359F7D /* WeatherCoreData.xcdatamodeld */ = {
			isa = XCVersionGroup;
			children = (
				BB0C60C22B1FAD1900359F7D /* WeatherCoreData.xcdatamodel */,
			);
			currentVersion = BB0C60C22B1FAD1900359F7D /* WeatherCoreData.xcdatamodel */;
			path = WeatherCoreData.xcdatamodeld;
			sourceTree = "<group>";
			versionGroupType = wrapper.xcdatamodel;
		};
/* End XCVersionGroup section */
	};
	rootObject = BB8862502B1500F300EE56B1 /* Project object */;
}
